
Microsoft Visual Studio Solution File, Format Version 12.00
# Visual Studio Version 17
VisualStudioVersion = 17.0.31919.166
MinimumVisualStudioVersion = 10.0.40219.1
Project("{9A19103F-16F7-4668-BE54-9A1E7A4F7556}") = "Net6ClientGrcpMode", "Net6ClientGrcpMode.csproj", "{AEB2669F-A78B-485D-A1A3-FAC8AD761EF2}"
EndProject
Project("{9A19103F-16F7-4668-BE54-9A1E7A4F7556}") = "Contracts", "..\Contracts\Contracts.csproj", "{4661AD08-3FA2-4851-8E1C-0DCBA7CCE748}"
EndProject
Global
	GlobalSection(SolutionConfigurationPlatforms) = preSolution
		Debug|Any CPU = Debug|Any CPU
		Release|Any CPU = Release|Any CPU
	EndGlobalSection
	GlobalSection(ProjectConfigurationPlatforms) = postSolution
		{AEB2669F-A78B-485D-A1A3-FAC8AD761EF2}.Debug|Any CPU.ActiveCfg = Debug|Any CPU
		{AEB2669F-A78B-485D-A1A3-FAC8AD761EF2}.Debug|Any CPU.Build.0 = Debug|Any CPU
		{AEB2669F-A78B-485D-A1A3-FAC8AD761EF2}.Release|Any CPU.ActiveCfg = Release|Any CPU
		{AEB2669F-A78B-485D-A1A3-FAC8AD761EF2}.Release|Any CPU.Build.0 = Release|Any CPU
		{4661AD08-3FA2-4851-8E1C-0DCBA7CCE748}.Debug|Any CPU.ActiveCfg = Debug|Any CPU
		{4661AD08-3FA2-4851-8E1C-0DCBA7CCE748}.Debug|Any CPU.Build.0 = Debug|Any CPU
		{4661AD08-3FA2-4851-8E1C-0DCBA7CCE748}.Release|Any CPU.ActiveCfg = Release|Any CPU
		{4661AD08-3FA2-4851-8E1C-0DCBA7CCE748}.Release|Any CPU.Build.0 = Release|Any CPU
	EndGlobalSection
	GlobalSection(SolutionProperties) = preSolution
		HideSolutionNode = FALSE
	EndGlobalSection
	GlobalSection(ExtensibilityGlobals) = postSolution
		SolutionGuid = {C3DB00A6-A278-4F0B-A425-C8D7ACD8AE09}
	EndGlobalSection
EndGlobal
