
Microsoft Visual Studio Solution File, Format Version 12.00
# Visual Studio Version 17
VisualStudioVersion = 17.0.31919.166
MinimumVisualStudioVersion = 10.0.40219.1
Project("{9A19103F-16F7-4668-BE54-9A1E7A4F7556}") = "Contracts", "..\Contracts\Contracts.csproj", "{ABAAA044-B0CE-44DE-89B7-BB4558E08503}"
EndProject
Project("{FAE04EC0-301F-11D3-BF4B-00C04F79EFBC}") = "NetFramework4.6.2Client", "NetFramework4.6.2Client.csproj", "{7C713DA5-BA4A-495A-9E2B-EEF758BBB205}"
EndProject
Global
	GlobalSection(SolutionConfigurationPlatforms) = preSolution
		Debug|Any CPU = Debug|Any CPU
		Release|Any CPU = Release|Any CPU
	EndGlobalSection
	GlobalSection(ProjectConfigurationPlatforms) = postSolution
		{ABAAA044-B0CE-44DE-89B7-BB4558E08503}.Debug|Any CPU.ActiveCfg = Debug|Any CPU
		{ABAAA044-B0CE-44DE-89B7-BB4558E08503}.Debug|Any CPU.Build.0 = Debug|Any CPU
		{ABAAA044-B0CE-44DE-89B7-BB4558E08503}.Release|Any CPU.ActiveCfg = Release|Any CPU
		{ABAAA044-B0CE-44DE-89B7-BB4558E08503}.Release|Any CPU.Build.0 = Release|Any CPU
		{7C713DA5-BA4A-495A-9E2B-EEF758BBB205}.Debug|Any CPU.ActiveCfg = Debug|Any CPU
		{7C713DA5-BA4A-495A-9E2B-EEF758BBB205}.Debug|Any CPU.Build.0 = Debug|Any CPU
		{7C713DA5-BA4A-495A-9E2B-EEF758BBB205}.Release|Any CPU.ActiveCfg = Release|Any CPU
		{7C713DA5-BA4A-495A-9E2B-EEF758BBB205}.Release|Any CPU.Build.0 = Release|Any CPU
	EndGlobalSection
	GlobalSection(SolutionProperties) = preSolution
		HideSolutionNode = FALSE
	EndGlobalSection
	GlobalSection(ExtensibilityGlobals) = postSolution
		SolutionGuid = {0731EF15-0614-42DF-8440-D953AC6C3922}
	EndGlobalSection
EndGlobal
